{
  "name": "kepler_proj",
  "version": "1.0.0",
  "lockfileVersion": 2,
  "requires": true,
  "packages": {
    "": {
      "name": "kepler_proj",
      "version": "1.0.0",
      "license": "ISC",
      "dependencies": {
        "csv-parse": "^5.0.4"
      },
      "devDependencies": {
        "prettier": "^2.5.1"
      }
    },
    "node_modules/csv-parse": {
      "version": "5.0.4",
      "resolved": "https://registry.npmjs.org/csv-parse/-/csv-parse-5.0.4.tgz",
      "integrity": "sha512-5AIdl8l6n3iYQYxan5djB5eKDa+vBnhfWZtRpJTcrETWfVLYN0WSj3L9RwvgYt+psoO77juUr8TG8qpfGZifVQ=="
    },
    "node_modules/prettier": {
      "version": "2.5.1",
      "resolved": "https://registry.npmjs.org/prettier/-/prettier-2.5.1.tgz",
      "integrity": "sha512-vBZcPRUR5MZJwoyi3ZoyQlc1rXeEck8KgeC9AwwOn+exuxLxq5toTRDTSaVrXHxelDMHy9zlicw8u66yxoSUFg==",
      "dev": true,
      "bin": {
        "prettier": "bin-prettier.js"
      },
      "engines": {
        "node": ">=10.13.0"
      }
    }
  },
  "dependencies": {
    "csv-parse": {
      "version": "5.0.4",
      "resolved": "https://registry.npmjs.org/csv-parse/-/csv-parse-5.0.4.tgz",
      "integrity": "sha512-5AIdl8l6n3iYQYxan5djB5eKDa+vBnhfWZtRpJTcrETWfVLYN0WSj3L9RwvgYt+psoO77juUr8TG8qpfGZifVQ=="
    },
    "prettier": {
      "version": "2.5.1",
      "resolved": "https://registry.npmjs.org/prettier/-/prettier-2.5.1.tgz",
      "integrity": "sha512-vBZcPRUR5MZJwoyi3ZoyQlc1rXeEck8KgeC9AwwOn+exuxLxq5toTRDTSaVrXHxelDMHy9zlicw8u66yxoSUFg==",
      "dev": true
    }
  }
}
